// !$*UTF8*$!
{
	archiveVersion = 1;
	classes = {
	};
	objectVersion = 46;
	objects = {

/* Begin PBXBuildFile section */
		60DFBB851F623E0900C0E848 /* AppDelegate.swift in Sources */ = {isa = PBXBuildFile; fileRef = 60DFBB841F623E0900C0E848 /* AppDelegate.swift */; };
		60DFBB871F623E0900C0E848 /* ViewController.swift in Sources */ = {isa = PBXBuildFile; fileRef = 60DFBB861F623E0900C0E848 /* ViewController.swift */; };
		60DFBB8A1F623E0900C0E848 /* Main.storyboard in Resources */ = {isa = PBXBuildFile; fileRef = 60DFBB881F623E0900C0E848 /* Main.storyboard */; };
		60DFBB8C1F623E0900C0E848 /* Assets.xcassets in Resources */ = {isa = PBXBuildFile; fileRef = 60DFBB8B1F623E0900C0E848 /* Assets.xcassets */; };
		60DFBB8F1F623E0900C0E848 /* LaunchScreen.storyboard in Resources */ = {isa = PBXBuildFile; fileRef = 60DFBB8D1F623E0900C0E848 /* LaunchScreen.storyboard */; };
/* End PBXBuildFile section */

/* Begin PBXFileReference section */
		60DFBB811F623E0900C0E848 /* Day 27 - ChatApp.app */ = {isa = PBXFileReference; explicitFileType = wrapper.application; includeInIndex = 0; path = "Day 27 - ChatApp.app"; sourceTree = BUILT_PRODUCTS_DIR; };
		60DFBB841F623E0900C0E848 /* AppDelegate.swift */ = {isa = PBXFileReference; lastKnownFileType = sourcecode.swift; path = AppDelegate.swift; sourceTree = "<group>"; };
		60DFBB861F623E0900C0E848 /* ViewController.swift */ = {isa = PBXFileReference; lastKnownFileType = sourcecode.swift; path = ViewController.swift; sourceTree = "<group>"; };
		60DFBB891F623E0900C0E848 /* Base */ = {isa = PBXFileReference; lastKnownFileType = file.storyboard; name = Base; path = Base.lproj/Main.storyboard; sourceTree = "<group>"; };
		60DFBB8B1F623E0900C0E848 /* Assets.xcassets */ = {isa = PBXFileReference; lastKnownFileType = folder.assetcatalog; path = Assets.xcassets; sourceTree = "<group>"; };
		60DFBB8E1F623E0900C0E848 /* Base */ = {isa = PBXFileReference; lastKnownFileType = file.storyboard; name = Base; path = Base.lproj/LaunchScreen.storyboard; sourceTree = "<group>"; };
		60DFBB901F623E0900C0E848 /* Info.plist */ = {isa = PBXFileReference; lastKnownFileType = text.plist.xml; path = Info.plist; sourceTree = "<group>"; };
/* End PBXFileReference section */

/* Begin PBXFrameworksBuildPhase section */
		60DFBB7E1F623E0900C0E848 /* Frameworks */ = {
			isa = PBXFrameworksBuildPhase;
			buildActionMask = 2147483647;
			files = (
			);
			runOnlyForDeploymentPostprocessing = 0;
		};
/* End PBXFrameworksBuildPhase section */

/* Begin PBXGroup section */
		60DFBB781F623E0900C0E848 = {
			isa = PBXGroup;
			children = (
				60DFBB831F623E0900C0E848 /* Day 27 - ChatApp */,
				60DFBB821F623E0900C0E848 /* Products */,
			);
			sourceTree = "<group>";
		};
		60DFBB821F623E0900C0E848 /* Products */ = {
			isa = PBXGroup;
			children = (
				60DFBB811F623E0900C0E848 /* Day 27 - ChatApp.app */,
			);
			name = Products;
			sourceTree = "<group>";
		};
		60DFBB831F623E0900C0E848 /* Day 27 - ChatApp */ = {
			isa = PBXGroup;
			children = (
				60DFBB841F623E0900C0E848 /* AppDelegate.swift */,
				60DFBB861F623E0900C0E848 /* ViewController.swift */,
				60DFBB881F623E0900C0E848 /* Main.storyboard */,
				60DFBB8B1F623E0900C0E848 /* Assets.xcassets */,
				60DFBB8D1F623E0900C0E848 /* LaunchScreen.storyboard */,
				60DFBB901F623E0900C0E848 /* Info.plist */,
			);
			path = "Day 27 - ChatApp";
			sourceTree = "<group>";
		};
/* End PBXGroup section */

/* Begin PBXNativeTarget section */
		60DFBB801F623E0900C0E848 /* Day 27 - ChatApp */ = {
			isa = PBXNativeTarget;
			buildConfigurationList = 60DFBB931F623E0900C0E848 /* Build configuration list for PBXNativeTarget "Day 27 - ChatApp" */;
			buildPhases = (
				60DFBB7D1F623E0900C0E848 /* Sources */,
				60DFBB7E1F623E0900C0E848 /* Frameworks */,
				60DFBB7F1F623E0900C0E848 /* Resources */,
			);
			buildRules = (
			);
			dependencies = (
			);
			name = "Day 27 - ChatApp";
			productName = "Day 27 - ChatApp";
			productReference = 60DFBB811F623E0900C0E848 /* Day 27 - ChatApp.app */;
			productType = "com.apple.product-type.application";
		};
/* End PBXNativeTarget section */

/* Begin PBXProject section */
		60DFBB791F623E0900C0E848 /* Project object */ = {
			isa = PBXProject;
			attributes = {
				LastSwiftUpdateCheck = 0830;
				LastUpgradeCheck = 0830;
				ORGANIZATIONNAME = "Hoang Thu Ha";
				TargetAttributes = {
					60DFBB801F623E0900C0E848 = {
						CreatedOnToolsVersion = 8.3.3;
						ProvisioningStyle = Automatic;
					};
				};
			};
			buildConfigurationList = 60DFBB7C1F623E0900C0E848 /* Build configuration list for PBXProject "Day 27 - ChatApp" */;
			compatibilityVersion = "Xcode 3.2";
			developmentRegion = English;
			hasScannedForEncodings = 0;
			knownRegions = (
				en,
				Base,
			);
			mainGroup = 60DFBB781F623E0900C0E848;
			productRefGroup = 60DFBB821F623E0900C0E848 /* Products */;
			projectDirPath = "";
			projectRoot = "";
			targets = (
				60DFBB801F623E0900C0E848 /* Day 27 - ChatApp */,
			);
		};
/* End PBXProject section */

/* Begin PBXResourcesBuildPhase section */
		60DFBB7F1F623E0900C0E848 /* Resources */ = {
			isa = PBXResourcesBuildPhase;
			buildActionMask = 2147483647;
			files = (
				60DFBB8F1F623E0900C0E848 /* LaunchScreen.storyboard in Resources */,
				60DFBB8C1F623E0900C0E848 /* Assets.xcassets in Resources */,
				60DFBB8A1F623E0900C0E848 /* Main.storyboard in Resources */,
			);
			runOnlyForDeploymentPostprocessing = 0;
		};
/* End PBXResourcesBuildPhase section */

/* Begin PBXSourcesBuildPhase section */
		60DFBB7D1F623E0900C0E848 /* Sources */ = {
			isa = PBXSourcesBuildPhase;
			buildActionMask = 2147483647;
			files = (
				60DFBB871F623E0900C0E848 /* ViewController.swift in Sources */,
				60DFBB851F623E0900C0E848 /* AppDelegate.swift in Sources */,
			);
			runOnlyForDeploymentPostprocessing = 0;
		};
/* End PBXSourcesBuildPhase section */

/* Begin PBXVariantGroup section */
		60DFBB881F623E0900C0E848 /* Main.storyboard */ = {
			isa = PBXVariantGroup;
			children = (
				60DFBB891F623E0900C0E848 /* Base */,
			);
			name = Main.storyboard;
			sourceTree = "<group>";
		};
		60DFBB8D1F623E0900C0E848 /* LaunchScreen.storyboard */ = {
			isa = PBXVariantGroup;
			children = (
				60DFBB8E1F623E0900C0E848 /* Base */,
			);
			name = LaunchScreen.storyboard;
			sourceTree = "<group>";
		};
/* End PBXVariantGroup section */

/* Begin XCBuildConfiguration section */
		60DFBB911F623E0900C0E848 /* Debug */ = {
			isa = XCBuildConfiguration;
			buildSettings = {
				ALWAYS_SEARCH_USER_PATHS = NO;
				CLANG_ANALYZER_NONNULL = YES;
				CLANG_ANALYZER_NUMBER_OBJECT_CONVERSION = YES_AGGRESSIVE;
				CLANG_CXX_LANGUAGE_STANDARD = "gnu++0x";
				CLANG_CXX_LIBRARY = "libc++";
				CLANG_ENABLE_MODULES = YES;
				CLANG_ENABLE_OBJC_ARC = YES;
				CLANG_WARN_BOOL_CONVERSION = YES;
				CLANG_WARN_CONSTANT_CONVERSION = YES;
				CLANG_WARN_DIRECT_OBJC_ISA_USAGE = YES_ERROR;
				CLANG_WARN_DOCUMENTATION_COMMENTS = YES;
				CLANG_WARN_EMPTY_BODY = YES;
				CLANG_WARN_ENUM_CONVERSION = YES;
				CLANG_WARN_INFINITE_RECURSION = YES;
				CLANG_WARN_INT_CONVERSION = YES;
				CLANG_WARN_OBJC_ROOT_CLASS = YES_ERROR;
				CLANG_WARN_SUSPICIOUS_MOVE = YES;
				CLANG_WARN_UNREACHABLE_CODE = YES;
				CLANG_WARN__DUPLICATE_METHOD_MATCH = YES;
				"CODE_SIGN_IDENTITY[sdk=iphoneos*]" = "iPhone Developer";
				COPY_PHASE_STRIP = NO;
				DEBUG_INFORMATION_FORMAT = dwarf;
				ENABLE_STRICT_OBJC_MSGSEND = YES;
				ENABLE_TESTABILITY = YES;
				GCC_C_LANGUAGE_STANDARD = gnu99;
				GCC_DYNAMIC_NO_PIC = NO;
				GCC_NO_COMMON_BLOCKS = YES;
				GCC_OPTIMIZATION_LEVEL = 0;
				GCC_PREPROCESSOR_DEFINITIONS = (
					"DEBUG=1",
					"$(inherited)",
				);
				GCC_WARN_64_TO_32_BIT_CONVERSION = YES;
				GCC_WARN_ABOUT_RETURN_TYPE = YES_ERROR;
				GCC_WARN_UNDECLARED_SELECTOR = YES;
				GCC_WARN_UNINITIALIZED_AUTOS = YES_AGGRESSIVE;
				GCC_WARN_UNUSED_FUNCTION = YES;
				GCC_WARN_UNUSED_VARIABLE = YES;
				IPHONEOS_DEPLOYMENT_TARGET = 10.3;
				MTL_ENABLE_DEBUG_INFO = YES;
				ONLY_ACTIVE_ARCH = YES;
				SDKROOT = iphoneos;
				SWIFT_ACTIVE_COMPILATION_CONDITIONS = DEBUG;
				SWIFT_OPTIMIZATION_LEVEL = "-Onone";
				TARGETED_DEVICE_FAMILY = "1,2";
			};
			name = Debug;
		};
		60DFBB921F623E0900C0E848 /* Release */ = {
			isa = XCBuildConfiguration;
			buildSettings = {
				ALWAYS_SEARCH_USER_PATHS = NO;
				CLANG_ANALYZER_NONNULL = YES;
				CLANG_ANALYZER_NUMBER_OBJECT_CONVERSION = YES_AGGRESSIVE;
				CLANG_CXX_LANGUAGE_STANDARD = "gnu++0x";
				CLANG_CXX_LIBRARY = "libc++";
				CLANG_ENABLE_MODULES = YES;
				CLANG_ENABLE_OBJC_ARC = YES;
				CLANG_WARN_BOOL_CONVERSION = YES;
				CLANG_WARN_CONSTANT_CONVERSION = YES;
				CLANG_WARN_DIRECT_OBJC_ISA_USAGE = YES_ERROR;
				CLANG_WARN_DOCUMENTATION_COMMENTS = YES;
				CLANG_WARN_EMPTY_BODY = YES;
				CLANG_WARN_ENUM_CONVERSION = YES;
				CLANG_WARN_INFINITE_RECURSION = YES;
				CLANG_WARN_INT_CONVERSION = YES;
				CLANG_WARN_OBJC_ROOT_CLASS = YES_ERROR;
				CLANG_WARN_SUSPICIOUS_MOVE = YES;
				CLANG_WARN_UNREACHABLE_CODE = YES;
				CLANG_WARN__DUPLICATE_METHOD_MATCH = YES;
				"CODE_SIGN_IDENTITY[sdk=iphoneos*]" = "iPhone Developer";
				COPY_PHASE_STRIP = NO;
				DEBUG_INFORMATION_FORMAT = "dwarf-with-dsym";
				ENABLE_NS_ASSERTIONS = NO;
				ENABLE_STRICT_OBJC_MSGSEND = YES;
				GCC_C_LANGUAGE_STANDARD = gnu99;
				GCC_NO_COMMON_BLOCKS = YES;
				GCC_WARN_64_TO_32_BIT_CONVERSION = YES;
				GCC_WARN_ABOUT_RETURN_TYPE = YES_ERROR;
				GCC_WARN_UNDECLARED_SELECTOR = YES;
				GCC_WARN_UNINITIALIZED_AUTOS = YES_AGGRESSIVE;
				GCC_WARN_UNUSED_FUNCTION = YES;
				GCC_WARN_UNUSED_VARIABLE = YES;
				IPHONEOS_DEPLOYMENT_TARGET = 10.3;
				MTL_ENABLE_DEBUG_INFO = NO;
				SDKROOT = iphoneos;
				SWIFT_OPTIMIZATION_LEVEL = "-Owholemodule";
				TARGETED_DEVICE_FAMILY = "1,2";
				VALIDATE_PRODUCT = YES;
			};
			name = Release;
		};
		60DFBB941F623E0900C0E848 /* Debug */ = {
			isa = XCBuildConfiguration;
			buildSettings = {
				ASSETCATALOG_COMPILER_APPICON_NAME = AppIcon;
				INFOPLIST_FILE = "Day 27 - ChatApp/Info.plist";
				LD_RUNPATH_SEARCH_PATHS = "$(inherited) @executable_path/Frameworks";
				PRODUCT_BUNDLE_IDENTIFIER = "abc.Day-27---ChatApp";
				PRODUCT_NAME = "$(TARGET_NAME)";
				SWIFT_VERSION = 3.0;
			};
			name = Debug;
		};
		60DFBB951F623E0900C0E848 /* Release */ = {
			isa = XCBuildConfiguration;
			buildSettings = {
				ASSETCATALOG_COMPILER_APPICON_NAME = AppIcon;
				INFOPLIST_FILE = "Day 27 - ChatApp/Info.plist";
				LD_RUNPATH_SEARCH_PATHS = "$(inherited) @executable_path/Frameworks";
				PRODUCT_BUNDLE_IDENTIFIER = "abc.Day-27---ChatApp";
				PRODUCT_NAME = "$(TARGET_NAME)";
				SWIFT_VERSION = 3.0;
			};
			name = Release;
		};
/* End XCBuildConfiguration section */

/* Begin XCConfigurationList section */
		60DFBB7C1F623E0900C0E848 /* Build configuration list for PBXProject "Day 27 - ChatApp" */ = {
			isa = XCConfigurationList;
			buildConfigurations = (
				60DFBB911F623E0900C0E848 /* Debug */,
				60DFBB921F623E0900C0E848 /* Release */,
			);
			defaultConfigurationIsVisible = 0;
			defaultConfigurationName = Release;
		};
		60DFBB931F623E0900C0E848 /* Build configuration list for PBXNativeTarget "Day 27 - ChatApp" */ = {
			isa = XCConfigurationList;
			buildConfigurations = (
				60DFBB941F623E0900C0E848 /* Debug */,
				60DFBB951F623E0900C0E848 /* Release */,
			);
			defaultConfigurationIsVisible = 0;
		};
/* End XCConfigurationList section */
	};
	rootObject = 60DFBB791F623E0900C0E848 /* Project object */;
}
